
Microsoft Visual Studio Solution File, Format Version 12.00
Project("{FAE04EC0-301F-11D3-BF4B-00C04F79EFBC}") = "OrleansPlusEventStoreDb.Demo", "OrleansPlusEventStoreDb.Demo\OrleansPlusEventStoreDb.Demo.csproj", "{AE44A3C5-12D7-458C-B97B-98465DD42BDD}"
EndProject
Global
	GlobalSection(SolutionConfigurationPlatforms) = preSolution
		Debug|Any CPU = Debug|Any CPU
		Release|Any CPU = Release|Any CPU
	EndGlobalSection
	GlobalSection(ProjectConfigurationPlatforms) = postSolution
		{AE44A3C5-12D7-458C-B97B-98465DD42BDD}.Debug|Any CPU.ActiveCfg = Debug|Any CPU
		{AE44A3C5-12D7-458C-B97B-98465DD42BDD}.Debug|Any CPU.Build.0 = Debug|Any CPU
		{AE44A3C5-12D7-458C-B97B-98465DD42BDD}.Release|Any CPU.ActiveCfg = Release|Any CPU
		{AE44A3C5-12D7-458C-B97B-98465DD42BDD}.Release|Any CPU.Build.0 = Release|Any CPU
	EndGlobalSection
EndGlobal
